
Microsoft Visual Studio Solution File, Format Version 12.00
# Visual Studio Version 17
VisualStudioVersion = 17.9.34902.65
MinimumVisualStudioVersion = 10.0.40219.1
Project("{9A19103F-16F7-4668-BE54-9A1E7A4F7556}") = "BitcoinChecker", "AutoNewBitcoinChecker\BitcoinChecker.csproj", "{7A38509F-393D-48BA-9166-99E7DCA25F85}"
EndProject
Project("{2150E333-8FDC-42A3-9474-1A3956D46DE8}") = "Solution Items", "Solution Items", "{E8725E05-E435-481E-8678-EDFCE2D270C9}"
	ProjectSection(SolutionItems) = preProject
		.editorconfig = .editorconfig
	EndProjectSection
EndProject
Project("{9A19103F-16F7-4668-BE54-9A1E7A4F7556}") = "DiscordManager", "DiscordManager\DiscordManager.csproj", "{7569BA9A-629C-4F6F-8B09-411F33D19251}"
EndProject
Project("{9A19103F-16F7-4668-BE54-9A1E7A4F7556}") = "Generalibrary", "Generalibrary\Generalibrary.csproj", "{984EDA99-50E4-4E9A-9F3B-0A823C14895B}"
EndProject
Project("{9A19103F-16F7-4668-BE54-9A1E7A4F7556}") = "BitcoinChecker.Alarm.App", "BitcoinChecker.Alarm\BitcoinChecker.Alarm.App.csproj", "{722407AF-9D9A-40CA-B875-BF82018B2A5F}"
EndProject
Project("{9A19103F-16F7-4668-BE54-9A1E7A4F7556}") = "Test", "Test\Test.csproj", "{1D1B1E42-C2FE-4610-BDB9-1EAB12B40074}"
EndProject
Project("{9A19103F-16F7-4668-BE54-9A1E7A4F7556}") = "BItcoinChecker.Core", "BItcoinChecker.Core\BItcoinChecker.Core.csproj", "{AC72CE0D-B0A4-4AB2-A850-34608187727A}"
EndProject
Project("{9A19103F-16F7-4668-BE54-9A1E7A4F7556}") = "BitcoinChecker.Test", "BitcoinChecker.Test\BitcoinChecker.Test.csproj", "{E63FE90D-13D2-4573-AA7B-BDC245F94790}"
EndProject
Project("{9A19103F-16F7-4668-BE54-9A1E7A4F7556}") = "BitcoinChecker.Extension", "BitcoinChecker.Extension\BitcoinChecker.Extension.csproj", "{CC4EA0F4-6786-4282-B993-A235C0226852}"
EndProject
Project("{FAE04EC0-301F-11D3-BF4B-00C04F79EFBC}") = "BitcoinChecker.Predict.Winform", "BitcoinChecker.Predict.Winform\BitcoinChecker.Predict.Winform.csproj", "{46DC3280-39CC-4D73-835F-EE81C00635D5}"
EndProject
Project("{FAE04EC0-301F-11D3-BF4B-00C04F79EFBC}") = "BitcoinChecker.Predict", "BitcoinChecker.Predict\BitcoinChecker.Predict.csproj", "{403909A4-EC9B-4B09-9C12-BC18A4CEED33}"
EndProject
Global
	GlobalSection(SolutionConfigurationPlatforms) = preSolution
		Debug|Any CPU = Debug|Any CPU
		Release|Any CPU = Release|Any CPU
	EndGlobalSection
	GlobalSection(ProjectConfigurationPlatforms) = postSolution
		{7A38509F-393D-48BA-9166-99E7DCA25F85}.Debug|Any CPU.ActiveCfg = Debug|Any CPU
		{7A38509F-393D-48BA-9166-99E7DCA25F85}.Debug|Any CPU.Build.0 = Debug|Any CPU
		{7A38509F-393D-48BA-9166-99E7DCA25F85}.Release|Any CPU.ActiveCfg = Release|Any CPU
		{7A38509F-393D-48BA-9166-99E7DCA25F85}.Release|Any CPU.Build.0 = Release|Any CPU
		{7569BA9A-629C-4F6F-8B09-411F33D19251}.Debug|Any CPU.ActiveCfg = Debug|Any CPU
		{7569BA9A-629C-4F6F-8B09-411F33D19251}.Debug|Any CPU.Build.0 = Debug|Any CPU
		{7569BA9A-629C-4F6F-8B09-411F33D19251}.Release|Any CPU.ActiveCfg = Release|Any CPU
		{7569BA9A-629C-4F6F-8B09-411F33D19251}.Release|Any CPU.Build.0 = Release|Any CPU
		{984EDA99-50E4-4E9A-9F3B-0A823C14895B}.Debug|Any CPU.ActiveCfg = Debug|Any CPU
		{984EDA99-50E4-4E9A-9F3B-0A823C14895B}.Debug|Any CPU.Build.0 = Debug|Any CPU
		{984EDA99-50E4-4E9A-9F3B-0A823C14895B}.Release|Any CPU.ActiveCfg = Release|Any CPU
		{984EDA99-50E4-4E9A-9F3B-0A823C14895B}.Release|Any CPU.Build.0 = Release|Any CPU
		{722407AF-9D9A-40CA-B875-BF82018B2A5F}.Debug|Any CPU.ActiveCfg = Debug|Any CPU
		{722407AF-9D9A-40CA-B875-BF82018B2A5F}.Debug|Any CPU.Build.0 = Debug|Any CPU
		{722407AF-9D9A-40CA-B875-BF82018B2A5F}.Debug|Any CPU.Deploy.0 = Debug|Any CPU
		{722407AF-9D9A-40CA-B875-BF82018B2A5F}.Release|Any CPU.ActiveCfg = Release|Any CPU
		{722407AF-9D9A-40CA-B875-BF82018B2A5F}.Release|Any CPU.Build.0 = Release|Any CPU
		{722407AF-9D9A-40CA-B875-BF82018B2A5F}.Release|Any CPU.Deploy.0 = Release|Any CPU
		{1D1B1E42-C2FE-4610-BDB9-1EAB12B40074}.Debug|Any CPU.ActiveCfg = Debug|Any CPU
		{1D1B1E42-C2FE-4610-BDB9-1EAB12B40074}.Debug|Any CPU.Build.0 = Debug|Any CPU
		{1D1B1E42-C2FE-4610-BDB9-1EAB12B40074}.Release|Any CPU.ActiveCfg = Release|Any CPU
		{1D1B1E42-C2FE-4610-BDB9-1EAB12B40074}.Release|Any CPU.Build.0 = Release|Any CPU
		{AC72CE0D-B0A4-4AB2-A850-34608187727A}.Debug|Any CPU.ActiveCfg = Debug|Any CPU
		{AC72CE0D-B0A4-4AB2-A850-34608187727A}.Debug|Any CPU.Build.0 = Debug|Any CPU
		{AC72CE0D-B0A4-4AB2-A850-34608187727A}.Release|Any CPU.ActiveCfg = Release|Any CPU
		{AC72CE0D-B0A4-4AB2-A850-34608187727A}.Release|Any CPU.Build.0 = Release|Any CPU
		{E63FE90D-13D2-4573-AA7B-BDC245F94790}.Debug|Any CPU.ActiveCfg = Debug|Any CPU
		{E63FE90D-13D2-4573-AA7B-BDC245F94790}.Debug|Any CPU.Build.0 = Debug|Any CPU
		{E63FE90D-13D2-4573-AA7B-BDC245F94790}.Release|Any CPU.ActiveCfg = Release|Any CPU
		{E63FE90D-13D2-4573-AA7B-BDC245F94790}.Release|Any CPU.Build.0 = Release|Any CPU
		{CC4EA0F4-6786-4282-B993-A235C0226852}.Debug|Any CPU.ActiveCfg = Debug|Any CPU
		{CC4EA0F4-6786-4282-B993-A235C0226852}.Debug|Any CPU.Build.0 = Debug|Any CPU
		{CC4EA0F4-6786-4282-B993-A235C0226852}.Release|Any CPU.ActiveCfg = Release|Any CPU
		{CC4EA0F4-6786-4282-B993-A235C0226852}.Release|Any CPU.Build.0 = Release|Any CPU
		{46DC3280-39CC-4D73-835F-EE81C00635D5}.Debug|Any CPU.ActiveCfg = Debug|Any CPU
		{46DC3280-39CC-4D73-835F-EE81C00635D5}.Debug|Any CPU.Build.0 = Debug|Any CPU
		{46DC3280-39CC-4D73-835F-EE81C00635D5}.Release|Any CPU.ActiveCfg = Release|Any CPU
		{46DC3280-39CC-4D73-835F-EE81C00635D5}.Release|Any CPU.Build.0 = Release|Any CPU
		{403909A4-EC9B-4B09-9C12-BC18A4CEED33}.Debug|Any CPU.ActiveCfg = Debug|Any CPU
		{403909A4-EC9B-4B09-9C12-BC18A4CEED33}.Debug|Any CPU.Build.0 = Debug|Any CPU
		{403909A4-EC9B-4B09-9C12-BC18A4CEED33}.Release|Any CPU.ActiveCfg = Release|Any CPU
		{403909A4-EC9B-4B09-9C12-BC18A4CEED33}.Release|Any CPU.Build.0 = Release|Any CPU
	EndGlobalSection
	GlobalSection(SolutionProperties) = preSolution
		HideSolutionNode = FALSE
	EndGlobalSection
	GlobalSection(ExtensibilityGlobals) = postSolution
		SolutionGuid = {6169996F-A94E-41C3-8694-42CD74DC7B71}
	EndGlobalSection
EndGlobal
